
Microsoft Visual Studio Solution File, Format Version 12.00
# Visual Studio Version 16
VisualStudioVersion = 16.0.30804.86
MinimumVisualStudioVersion = 10.0.40219.1
Project("{8BC9CEB8-8B4A-11D0-8D11-00A0C91BC942}") = "identifyIdCard", "identifyIdCard.vcxproj", "{2D22D407-DC15-40E8-BFBE-E82035541FEA}"
EndProject
Global
	GlobalSection(SolutionConfigurationPlatforms) = preSolution
		Debug|x64 = Debug|x64
		Debug|x86 = Debug|x86
		Release|x64 = Release|x64
		Release|x86 = Release|x86
	EndGlobalSection
	GlobalSection(ProjectConfigurationPlatforms) = postSolution
		{2D22D407-DC15-40E8-BFBE-E82035541FEA}.Debug|x64.ActiveCfg = Debug|x64
		{2D22D407-DC15-40E8-BFBE-E82035541FEA}.Debug|x64.Build.0 = Debug|x64
		{2D22D407-DC15-40E8-BFBE-E82035541FEA}.Debug|x86.ActiveCfg = Debug|Win32
		{2D22D407-DC15-40E8-BFBE-E82035541FEA}.Debug|x86.Build.0 = Debug|Win32
		{2D22D407-DC15-40E8-BFBE-E82035541FEA}.Release|x64.ActiveCfg = Release|x64
		{2D22D407-DC15-40E8-BFBE-E82035541FEA}.Release|x64.Build.0 = Release|x64
		{2D22D407-DC15-40E8-BFBE-E82035541FEA}.Release|x86.ActiveCfg = Release|Win32
		{2D22D407-DC15-40E8-BFBE-E82035541FEA}.Release|x86.Build.0 = Release|Win32
	EndGlobalSection
	GlobalSection(SolutionProperties) = preSolution
		HideSolutionNode = FALSE
	EndGlobalSection
	GlobalSection(ExtensibilityGlobals) = postSolution
		SolutionGuid = {D585926E-B032-4D0B-844F-26987B0A42BA}
	EndGlobalSection
EndGlobal
